// !$*UTF8*$!
{
	archiveVersion = 1;
	classes = {
	};
	objectVersion = 51;
	objects = {

/* Begin PBXBuildFile section */
		5628F4B4159B29BEC86F9AD8 /* Pods_C2CTests.framework in Frameworks */ = {isa = PBXBuildFile; fileRef = B6A0E253E252EB3080FE7E90 /* Pods_C2CTests.framework */; };
		A313C2AE24156BEC002FC41B /* AppCoordinator.swift in Sources */ = {isa = PBXBuildFile; fileRef = A313C2AD24156BEC002FC41B /* AppCoordinator.swift */; };
		A313C2B124156CC2002FC41B /* AppCoordinatorDependencyInjector.swift in Sources */ = {isa = PBXBuildFile; fileRef = A313C2B024156CC2002FC41B /* AppCoordinatorDependencyInjector.swift */; };
		A313C2B52416F5B5002FC41B /* Endpoint.swift in Sources */ = {isa = PBXBuildFile; fileRef = A313C2B42416F5B5002FC41B /* Endpoint.swift */; };
		A313C2B82416F5F7002FC41B /* ProductsEndpoint.swift in Sources */ = {isa = PBXBuildFile; fileRef = A313C2B72416F5F7002FC41B /* ProductsEndpoint.swift */; };
		A313C2BA2416F652002FC41B /* APIClient.swift in Sources */ = {isa = PBXBuildFile; fileRef = A313C2B92416F652002FC41B /* APIClient.swift */; };
		A313C2C12416F685002FC41B /* APIResponseError.swift in Sources */ = {isa = PBXBuildFile; fileRef = A313C2C02416F685002FC41B /* APIResponseError.swift */; };
		A313C2C324170149002FC41B /* ProductsRepository.swift in Sources */ = {isa = PBXBuildFile; fileRef = A313C2C224170149002FC41B /* ProductsRepository.swift */; };
		A313C2C6241701AD002FC41B /* ProductsInteractor.swift in Sources */ = {isa = PBXBuildFile; fileRef = A313C2C5241701AD002FC41B /* ProductsInteractor.swift */; };
		A313C2C9241702AF002FC41B /* ProductsViewController+Presentable.swift in Sources */ = {isa = PBXBuildFile; fileRef = A313C2C8241702AF002FC41B /* ProductsViewController+Presentable.swift */; };
		A313C2CB241702DB002FC41B /* ProductsViewController+TableView.swift in Sources */ = {isa = PBXBuildFile; fileRef = A313C2CA241702DB002FC41B /* ProductsViewController+TableView.swift */; };
		A313C2CE24170445002FC41B /* PromiseKit+Utils.swift in Sources */ = {isa = PBXBuildFile; fileRef = A313C2CD24170445002FC41B /* PromiseKit+Utils.swift */; };
		A33254E224154EAC002CADF6 /* AppDelegate.swift in Sources */ = {isa = PBXBuildFile; fileRef = A33254E124154EAC002CADF6 /* AppDelegate.swift */; };
		A33254E424154EAC002CADF6 /* SceneDelegate.swift in Sources */ = {isa = PBXBuildFile; fileRef = A33254E324154EAC002CADF6 /* SceneDelegate.swift */; };
		A33254E924154EAC002CADF6 /* Products.storyboard in Resources */ = {isa = PBXBuildFile; fileRef = A33254E724154EAC002CADF6 /* Products.storyboard */; };
		A33254EB24154EAE002CADF6 /* Assets.xcassets in Resources */ = {isa = PBXBuildFile; fileRef = A33254EA24154EAE002CADF6 /* Assets.xcassets */; };
		A33254EE24154EAE002CADF6 /* LaunchScreen.storyboard in Resources */ = {isa = PBXBuildFile; fileRef = A33254EC24154EAE002CADF6 /* LaunchScreen.storyboard */; };
		A332551224155927002CADF6 /* ProductsViewController.swift in Sources */ = {isa = PBXBuildFile; fileRef = A332551124155927002CADF6 /* ProductsViewController.swift */; };
		A332551824155F6A002CADF6 /* ProductCell.swift in Sources */ = {isa = PBXBuildFile; fileRef = A332551724155F6A002CADF6 /* ProductCell.swift */; };
		A3341A0C2427DF4700C96A0C /* MocksHelper.swift in Sources */ = {isa = PBXBuildFile; fileRef = A3341A0B2427DF4700C96A0C /* MocksHelper.swift */; };
		A3341A112427F5F900C96A0C /* ProductsRepositoryMock.swift in Sources */ = {isa = PBXBuildFile; fileRef = A3341A102427F5F900C96A0C /* ProductsRepositoryMock.swift */; };
		A3341A142427F9F400C96A0C /* ProductsInteractorTests.swift in Sources */ = {isa = PBXBuildFile; fileRef = A3341A132427F9F400C96A0C /* ProductsInteractorTests.swift */; };
		A3341A192427FB1100C96A0C /* Array<Product>.json in Resources */ = {isa = PBXBuildFile; fileRef = A3341A182427FB1100C96A0C /* Array<Product>.json */; };
		A3341A1B2427FB3400C96A0C /* Product.json in Resources */ = {isa = PBXBuildFile; fileRef = A3341A1A2427FB3400C96A0C /* Product.json */; };
		A39A65FE2436B2ED00FBBDC2 /* ProductCoordinatorTests.swift in Sources */ = {isa = PBXBuildFile; fileRef = A39A65FD2436B2ED00FBBDC2 /* ProductCoordinatorTests.swift */; };
		A39A66012436B30B00FBBDC2 /* CoordinationMocks.swift in Sources */ = {isa = PBXBuildFile; fileRef = A39A66002436B30B00FBBDC2 /* CoordinationMocks.swift */; };
		A39A66042436B36200FBBDC2 /* AppCoordinatorMock.swift in Sources */ = {isa = PBXBuildFile; fileRef = A39A66032436B36200FBBDC2 /* AppCoordinatorMock.swift */; };
		A39AB18224395CE6001ED77C /* AuthenticationCoordinator.swift in Sources */ = {isa = PBXBuildFile; fileRef = A39AB18124395CE6001ED77C /* AuthenticationCoordinator.swift */; };
		A39AB18524395D0E001ED77C /* AuthenticationDependencyInjector.swift in Sources */ = {isa = PBXBuildFile; fileRef = A39AB18424395D0E001ED77C /* AuthenticationDependencyInjector.swift */; };
		A3A91F412438E0D300CE4353 /* AuthenticationViewController+Presentable.swift in Sources */ = {isa = PBXBuildFile; fileRef = A3A91F402438E0D300CE4353 /* AuthenticationViewController+Presentable.swift */; };
		A3B47CC7243963130009A6AF /* AccountViewController+Presentable.swift in Sources */ = {isa = PBXBuildFile; fileRef = A3B47CC4243963130009A6AF /* AccountViewController+Presentable.swift */; };
		A3B47CC8243963130009A6AF /* Account.storyboard in Resources */ = {isa = PBXBuildFile; fileRef = A3B47CC5243963130009A6AF /* Account.storyboard */; };
		A3B47CC9243963130009A6AF /* AccountViewController.swift in Sources */ = {isa = PBXBuildFile; fileRef = A3B47CC6243963130009A6AF /* AccountViewController.swift */; };
		A3B47CCD243963350009A6AF /* AccountViewModel.swift in Sources */ = {isa = PBXBuildFile; fileRef = A3B47CCC243963350009A6AF /* AccountViewModel.swift */; };
		A3B47CD0243964970009A6AF /* CreateAccountViewController+Presentable.swift in Sources */ = {isa = PBXBuildFile; fileRef = A3B47CCF243964970009A6AF /* CreateAccountViewController+Presentable.swift */; };
		A3B47CD224396D590009A6AF /* UIViewController+Backbutton.swift in Sources */ = {isa = PBXBuildFile; fileRef = A3B47CD124396D590009A6AF /* UIViewController+Backbutton.swift */; };
		A3B47CD4243973640009A6AF /* AccountFields.swift in Sources */ = {isa = PBXBuildFile; fileRef = A3B47CD3243973640009A6AF /* AccountFields.swift */; };
		A3BCC0FF242579680047CF4B /* Products.swift in Sources */ = {isa = PBXBuildFile; fileRef = A313C2BD2416F673002FC41B /* Products.swift */; };
		A3BCC10124257AC60047CF4B /* UIViewController+BlurView.swift in Sources */ = {isa = PBXBuildFile; fileRef = A3BCC10024257AC60047CF4B /* UIViewController+BlurView.swift */; };
		A3C01240241E61C600A50422 /* ProductDetail.storyboard in Resources */ = {isa = PBXBuildFile; fileRef = A3C0123F241E61C600A50422 /* ProductDetail.storyboard */; };
		A3C496C124156A7B0019E0E1 /* Main.storyboard in Resources */ = {isa = PBXBuildFile; fileRef = A3C496C024156A7B0019E0E1 /* Main.storyboard */; };
		A3C496C324156ABE0019E0E1 /* Identifiable.swift in Sources */ = {isa = PBXBuildFile; fileRef = A3C496C224156ABE0019E0E1 /* Identifiable.swift */; };
		A3C496C724156AF40019E0E1 /* ProductsViewModel.swift in Sources */ = {isa = PBXBuildFile; fileRef = A3C496C624156AF40019E0E1 /* ProductsViewModel.swift */; };
		A3C60E3E243693E900426F40 /* Account.swift in Sources */ = {isa = PBXBuildFile; fileRef = A3C60E3D243693E900426F40 /* Account.swift */; };
		A3C60E402436947200426F40 /* UserEndpoints.swift in Sources */ = {isa = PBXBuildFile; fileRef = A3C60E3F2436947200426F40 /* UserEndpoints.swift */; };
		A3C60E422436957F00426F40 /* UserRepository.swift in Sources */ = {isa = PBXBuildFile; fileRef = A3C60E412436957F00426F40 /* UserRepository.swift */; };
		A3C60E44243697AF00426F40 /* UserInteractor.swift in Sources */ = {isa = PBXBuildFile; fileRef = A3C60E43243697AF00426F40 /* UserInteractor.swift */; };
		A3C60E46243698AC00426F40 /* KeychainRepository.swift in Sources */ = {isa = PBXBuildFile; fileRef = A3C60E45243698AC00426F40 /* KeychainRepository.swift */; };
		A3C60E482436A87E00426F40 /* KeychainRepositoryMock.swift in Sources */ = {isa = PBXBuildFile; fileRef = A3C60E472436A87E00426F40 /* KeychainRepositoryMock.swift */; };
		A3C60E4A2436A9A500426F40 /* UserInteractorTests.swift in Sources */ = {isa = PBXBuildFile; fileRef = A3C60E492436A9A500426F40 /* UserInteractorTests.swift */; };
		A3C60E4C2436AA6B00426F40 /* C2CUITests.swift in Sources */ = {isa = PBXBuildFile; fileRef = A3C60E4B2436AA6B00426F40 /* C2CUITests.swift */; };
		A3C60E4E2436AAD500426F40 /* UserRepositoryMock.swift in Sources */ = {isa = PBXBuildFile; fileRef = A3C60E4D2436AAD500426F40 /* UserRepositoryMock.swift */; };
		A3C60E502436AB7E00426F40 /* AccessToken.json in Resources */ = {isa = PBXBuildFile; fileRef = A3C60E4F2436AB7E00426F40 /* AccessToken.json */; };
		A3DB829D2438DBDA0086FECF /* AccountCoordinator.swift in Sources */ = {isa = PBXBuildFile; fileRef = A3DB829C2438DBDA0086FECF /* AccountCoordinator.swift */; };
		A3DB82A02438DC0F0086FECF /* AccountDependencyInjector.swift in Sources */ = {isa = PBXBuildFile; fileRef = A3DB829F2438DC0F0086FECF /* AccountDependencyInjector.swift */; };
		A3DC205024395F950074B87E /* CreateAccountViewModel.swift in Sources */ = {isa = PBXBuildFile; fileRef = A3DC204F24395F950074B87E /* CreateAccountViewModel.swift */; };
		A3DC205224395FA20074B87E /* CreateAccountViewController.swift in Sources */ = {isa = PBXBuildFile; fileRef = A3DC205124395FA20074B87E /* CreateAccountViewController.swift */; };
		A3DC205424395FAB0074B87E /* CreateAccount.storyboard in Resources */ = {isa = PBXBuildFile; fileRef = A3DC205324395FAB0074B87E /* CreateAccount.storyboard */; };
		A3E6B18D2436B5EC00B55441 /* ProductsViewModelTests.swift in Sources */ = {isa = PBXBuildFile; fileRef = A3E6B18C2436B5EC00B55441 /* ProductsViewModelTests.swift */; };
		A3E6B1902436BD4700B55441 /* ProductsDetailsViewModelTests.swift in Sources */ = {isa = PBXBuildFile; fileRef = A3E6B18F2436BD4700B55441 /* ProductsDetailsViewModelTests.swift */; };
		A3E6B1922436C1E000B55441 /* AuthenticationViewController.swift in Sources */ = {isa = PBXBuildFile; fileRef = A3E6B1912436C1E000B55441 /* AuthenticationViewController.swift */; };
		A3E6B1962436C1F700B55441 /* Authentication.storyboard in Resources */ = {isa = PBXBuildFile; fileRef = A3E6B1952436C1F700B55441 /* Authentication.storyboard */; };
		A3E6B1992436C21500B55441 /* AuthenticationViewModel.swift in Sources */ = {isa = PBXBuildFile; fileRef = A3E6B1982436C21500B55441 /* AuthenticationViewModel.swift */; };
		A3E6B19C2436C25800B55441 /* LoginViewModelTests.swift in Sources */ = {isa = PBXBuildFile; fileRef = A3E6B19B2436C25800B55441 /* LoginViewModelTests.swift */; };
		C1415EED242032C500CAC689 /* ProductsCoordinator.swift in Sources */ = {isa = PBXBuildFile; fileRef = C1415EEC242032C500CAC689 /* ProductsCoordinator.swift */; };
		C1415EF0242033CC00CAC689 /* AppCoordinator+Presentable.swift in Sources */ = {isa = PBXBuildFile; fileRef = C1415EEF242033CC00CAC689 /* AppCoordinator+Presentable.swift */; };
		C1415EF2242034C400CAC689 /* ProductsCoordinatorDependencyInjector.swift in Sources */ = {isa = PBXBuildFile; fileRef = C1415EF1242034C400CAC689 /* ProductsCoordinatorDependencyInjector.swift */; };
		C17D87F324202EE200E90BF4 /* ProductDetailViewController.swift in Sources */ = {isa = PBXBuildFile; fileRef = C17D87F224202EE200E90BF4 /* ProductDetailViewController.swift */; };
		C17D87F524202F3C00E90BF4 /* ProductDetailViewController+Presentable.swift in Sources */ = {isa = PBXBuildFile; fileRef = C17D87F424202F3C00E90BF4 /* ProductDetailViewController+Presentable.swift */; };
		C17D87F824202F6700E90BF4 /* ProductDetailViewModel.swift in Sources */ = {isa = PBXBuildFile; fileRef = C17D87F724202F6700E90BF4 /* ProductDetailViewModel.swift */; };
		E856353900C384AB1DE48465 /* Pods_C2C.framework in Frameworks */ = {isa = PBXBuildFile; fileRef = 90372E075A9F1A23F6FE2000 /* Pods_C2C.framework */; };
		FF9463C8FA338BFEC5AEA032 /* Pods_C2C_C2CUITests.framework in Frameworks */ = {isa = PBXBuildFile; fileRef = 68CC1AC99D941DA578684800 /* Pods_C2C_C2CUITests.framework */; };
/* End PBXBuildFile section */

/* Begin PBXContainerItemProxy section */
		A33254F524154EAE002CADF6 /* PBXContainerItemProxy */ = {
			isa = PBXContainerItemProxy;
			containerPortal = A33254D624154EAC002CADF6 /* Project object */;
			proxyType = 1;
			remoteGlobalIDString = A33254DD24154EAC002CADF6;
			remoteInfo = C2C;
		};
		A332550024154EAE002CADF6 /* PBXContainerItemProxy */ = {
			isa = PBXContainerItemProxy;
			containerPortal = A33254D624154EAC002CADF6 /* Project object */;
			proxyType = 1;
			remoteGlobalIDString = A33254DD24154EAC002CADF6;
			remoteInfo = C2C;
		};
/* End PBXContainerItemProxy section */

/* Begin PBXFileReference section */
		1C0924057967FA0743A91CDB /* Pods-C2C.release.xcconfig */ = {isa = PBXFileReference; includeInIndex = 1; lastKnownFileType = text.xcconfig; name = "Pods-C2C.release.xcconfig"; path = "Target Support Files/Pods-C2C/Pods-C2C.release.xcconfig"; sourceTree = "<group>"; };
		542C4106CFC2A628C73324EE /* Pods-C2CTests.debug.xcconfig */ = {isa = PBXFileReference; includeInIndex = 1; lastKnownFileType = text.xcconfig; name = "Pods-C2CTests.debug.xcconfig"; path = "Target Support Files/Pods-C2CTests/Pods-C2CTests.debug.xcconfig"; sourceTree = "<group>"; };
		5AC9570BCF5B7EA05B0E5E93 /* Pods-C2C-C2CUITests.release.xcconfig */ = {isa = PBXFileReference; includeInIndex = 1; lastKnownFileType = text.xcconfig; name = "Pods-C2C-C2CUITests.release.xcconfig"; path = "Target Support Files/Pods-C2C-C2CUITests/Pods-C2C-C2CUITests.release.xcconfig"; sourceTree = "<group>"; };
		68CC1AC99D941DA578684800 /* Pods_C2C_C2CUITests.framework */ = {isa = PBXFileReference; explicitFileType = wrapper.framework; includeInIndex = 0; path = Pods_C2C_C2CUITests.framework; sourceTree = BUILT_PRODUCTS_DIR; };
		769D45A6245A268A6F13FE1F /* Pods-C2CTests.release.xcconfig */ = {isa = PBXFileReference; includeInIndex = 1; lastKnownFileType = text.xcconfig; name = "Pods-C2CTests.release.xcconfig"; path = "Target Support Files/Pods-C2CTests/Pods-C2CTests.release.xcconfig"; sourceTree = "<group>"; };
		90372E075A9F1A23F6FE2000 /* Pods_C2C.framework */ = {isa = PBXFileReference; explicitFileType = wrapper.framework; includeInIndex = 0; path = Pods_C2C.framework; sourceTree = BUILT_PRODUCTS_DIR; };
		987C27777FAC227337B309A0 /* Pods-C2C-C2CUITests.debug.xcconfig */ = {isa = PBXFileReference; includeInIndex = 1; lastKnownFileType = text.xcconfig; name = "Pods-C2C-C2CUITests.debug.xcconfig"; path = "Target Support Files/Pods-C2C-C2CUITests/Pods-C2C-C2CUITests.debug.xcconfig"; sourceTree = "<group>"; };
		A313C2AD24156BEC002FC41B /* AppCoordinator.swift */ = {isa = PBXFileReference; lastKnownFileType = sourcecode.swift; path = AppCoordinator.swift; sourceTree = "<group>"; };
		A313C2B024156CC2002FC41B /* AppCoordinatorDependencyInjector.swift */ = {isa = PBXFileReference; lastKnownFileType = sourcecode.swift; path = AppCoordinatorDependencyInjector.swift; sourceTree = "<group>"; };
		A313C2B42416F5B5002FC41B /* Endpoint.swift */ = {isa = PBXFileReference; lastKnownFileType = sourcecode.swift; path = Endpoint.swift; sourceTree = "<group>"; };
		A313C2B72416F5F7002FC41B /* ProductsEndpoint.swift */ = {isa = PBXFileReference; lastKnownFileType = sourcecode.swift; path = ProductsEndpoint.swift; sourceTree = "<group>"; };
		A313C2B92416F652002FC41B /* APIClient.swift */ = {isa = PBXFileReference; lastKnownFileType = sourcecode.swift; path = APIClient.swift; sourceTree = "<group>"; };
		A313C2BD2416F673002FC41B /* Products.swift */ = {isa = PBXFileReference; lastKnownFileType = sourcecode.swift; path = Products.swift; sourceTree = "<group>"; };
		A313C2C02416F685002FC41B /* APIResponseError.swift */ = {isa = PBXFileReference; lastKnownFileType = sourcecode.swift; path = APIResponseError.swift; sourceTree = "<group>"; };
		A313C2C224170149002FC41B /* ProductsRepository.swift */ = {isa = PBXFileReference; lastKnownFileType = sourcecode.swift; path = ProductsRepository.swift; sourceTree = "<group>"; };
		A313C2C5241701AD002FC41B /* ProductsInteractor.swift */ = {isa = PBXFileReference; lastKnownFileType = sourcecode.swift; path = ProductsInteractor.swift; sourceTree = "<group>"; };
		A313C2C8241702AF002FC41B /* ProductsViewController+Presentable.swift */ = {isa = PBXFileReference; lastKnownFileType = sourcecode.swift; path = "ProductsViewController+Presentable.swift"; sourceTree = "<group>"; };
		A313C2CA241702DB002FC41B /* ProductsViewController+TableView.swift */ = {isa = PBXFileReference; lastKnownFileType = sourcecode.swift; path = "ProductsViewController+TableView.swift"; sourceTree = "<group>"; };
		A313C2CD24170445002FC41B /* PromiseKit+Utils.swift */ = {isa = PBXFileReference; lastKnownFileType = sourcecode.swift; path = "PromiseKit+Utils.swift"; sourceTree = "<group>"; };
		A33254DE24154EAC002CADF6 /* C2C.app */ = {isa = PBXFileReference; explicitFileType = wrapper.application; includeInIndex = 0; path = C2C.app; sourceTree = BUILT_PRODUCTS_DIR; };
		A33254E124154EAC002CADF6 /* AppDelegate.swift */ = {isa = PBXFileReference; lastKnownFileType = sourcecode.swift; path = AppDelegate.swift; sourceTree = "<group>"; };
		A33254E324154EAC002CADF6 /* SceneDelegate.swift */ = {isa = PBXFileReference; lastKnownFileType = sourcecode.swift; path = SceneDelegate.swift; sourceTree = "<group>"; };
		A33254E824154EAC002CADF6 /* Base */ = {isa = PBXFileReference; lastKnownFileType = file.storyboard; name = Base; path = Base.lproj/Products.storyboard; sourceTree = "<group>"; };
		A33254EA24154EAE002CADF6 /* Assets.xcassets */ = {isa = PBXFileReference; lastKnownFileType = folder.assetcatalog; path = Assets.xcassets; sourceTree = "<group>"; };
		A33254ED24154EAE002CADF6 /* Base */ = {isa = PBXFileReference; lastKnownFileType = file.storyboard; name = Base; path = Base.lproj/LaunchScreen.storyboard; sourceTree = "<group>"; };
		A33254EF24154EAE002CADF6 /* Info.plist */ = {isa = PBXFileReference; lastKnownFileType = text.plist.xml; path = Info.plist; sourceTree = "<group>"; };
		A33254F424154EAE002CADF6 /* C2CTests.xctest */ = {isa = PBXFileReference; explicitFileType = wrapper.cfbundle; includeInIndex = 0; path = C2CTests.xctest; sourceTree = BUILT_PRODUCTS_DIR; };
		A33254FA24154EAE002CADF6 /* Info.plist */ = {isa = PBXFileReference; lastKnownFileType = text.plist.xml; path = Info.plist; sourceTree = "<group>"; };
		A33254FF24154EAE002CADF6 /* C2CUITests.xctest */ = {isa = PBXFileReference; explicitFileType = wrapper.cfbundle; includeInIndex = 0; path = C2CUITests.xctest; sourceTree = BUILT_PRODUCTS_DIR; };
		A332550524154EAE002CADF6 /* Info.plist */ = {isa = PBXFileReference; lastKnownFileType = text.plist.xml; path = Info.plist; sourceTree = "<group>"; };
		A332551124155927002CADF6 /* ProductsViewController.swift */ = {isa = PBXFileReference; lastKnownFileType = sourcecode.swift; path = ProductsViewController.swift; sourceTree = "<group>"; };
		A332551724155F6A002CADF6 /* ProductCell.swift */ = {isa = PBXFileReference; lastKnownFileType = sourcecode.swift; path = ProductCell.swift; sourceTree = "<group>"; };
		A3341A0B2427DF4700C96A0C /* MocksHelper.swift */ = {isa = PBXFileReference; lastKnownFileType = sourcecode.swift; path = MocksHelper.swift; sourceTree = "<group>"; };
		A3341A102427F5F900C96A0C /* ProductsRepositoryMock.swift */ = {isa = PBXFileReference; lastKnownFileType = sourcecode.swift; path = ProductsRepositoryMock.swift; sourceTree = "<group>"; };
		A3341A132427F9F400C96A0C /* ProductsInteractorTests.swift */ = {isa = PBXFileReference; lastKnownFileType = sourcecode.swift; path = ProductsInteractorTests.swift; sourceTree = "<group>"; };
		A3341A182427FB1100C96A0C /* Array<Product>.json */ = {isa = PBXFileReference; lastKnownFileType = text.json; path = "Array<Product>.json"; sourceTree = "<group>"; };
		A3341A1A2427FB3400C96A0C /* Product.json */ = {isa = PBXFileReference; lastKnownFileType = text.json; path = Product.json; sourceTree = "<group>"; };
		A39A65FD2436B2ED00FBBDC2 /* ProductCoordinatorTests.swift */ = {isa = PBXFileReference; lastKnownFileType = sourcecode.swift; path = ProductCoordinatorTests.swift; sourceTree = "<group>"; };
		A39A66002436B30B00FBBDC2 /* CoordinationMocks.swift */ = {isa = PBXFileReference; lastKnownFileType = sourcecode.swift; path = CoordinationMocks.swift; sourceTree = "<group>"; };
		A39A66032436B36200FBBDC2 /* AppCoordinatorMock.swift */ = {isa = PBXFileReference; lastKnownFileType = sourcecode.swift; path = AppCoordinatorMock.swift; sourceTree = "<group>"; };
		A39AB18124395CE6001ED77C /* AuthenticationCoordinator.swift */ = {isa = PBXFileReference; lastKnownFileType = sourcecode.swift; path = AuthenticationCoordinator.swift; sourceTree = "<group>"; };
		A39AB18424395D0E001ED77C /* AuthenticationDependencyInjector.swift */ = {isa = PBXFileReference; lastKnownFileType = sourcecode.swift; path = AuthenticationDependencyInjector.swift; sourceTree = "<group>"; };
		A3A91F402438E0D300CE4353 /* AuthenticationViewController+Presentable.swift */ = {isa = PBXFileReference; lastKnownFileType = sourcecode.swift; path = "AuthenticationViewController+Presentable.swift"; sourceTree = "<group>"; };
		A3B47CC4243963130009A6AF /* AccountViewController+Presentable.swift */ = {isa = PBXFileReference; fileEncoding = 4; lastKnownFileType = sourcecode.swift; path = "AccountViewController+Presentable.swift"; sourceTree = "<group>"; };
		A3B47CC5243963130009A6AF /* Account.storyboard */ = {isa = PBXFileReference; fileEncoding = 4; lastKnownFileType = file.storyboard; path = Account.storyboard; sourceTree = "<group>"; };
		A3B47CC6243963130009A6AF /* AccountViewController.swift */ = {isa = PBXFileReference; fileEncoding = 4; lastKnownFileType = sourcecode.swift; path = AccountViewController.swift; sourceTree = "<group>"; };
		A3B47CCC243963350009A6AF /* AccountViewModel.swift */ = {isa = PBXFileReference; lastKnownFileType = sourcecode.swift; path = AccountViewModel.swift; sourceTree = "<group>"; };
		A3B47CCF243964970009A6AF /* CreateAccountViewController+Presentable.swift */ = {isa = PBXFileReference; lastKnownFileType = sourcecode.swift; path = "CreateAccountViewController+Presentable.swift"; sourceTree = "<group>"; };
		A3B47CD124396D590009A6AF /* UIViewController+Backbutton.swift */ = {isa = PBXFileReference; lastKnownFileType = sourcecode.swift; path = "UIViewController+Backbutton.swift"; sourceTree = "<group>"; };
		A3B47CD3243973640009A6AF /* AccountFields.swift */ = {isa = PBXFileReference; lastKnownFileType = sourcecode.swift; path = AccountFields.swift; sourceTree = "<group>"; };
		A3BCC10024257AC60047CF4B /* UIViewController+BlurView.swift */ = {isa = PBXFileReference; lastKnownFileType = sourcecode.swift; path = "UIViewController+BlurView.swift"; sourceTree = "<group>"; };
		A3C0123F241E61C600A50422 /* ProductDetail.storyboard */ = {isa = PBXFileReference; lastKnownFileType = file.storyboard; path = ProductDetail.storyboard; sourceTree = "<group>"; };
		A3C496C024156A7B0019E0E1 /* Main.storyboard */ = {isa = PBXFileReference; lastKnownFileType = file.storyboard; path = Main.storyboard; sourceTree = "<group>"; };
		A3C496C224156ABE0019E0E1 /* Identifiable.swift */ = {isa = PBXFileReference; lastKnownFileType = sourcecode.swift; path = Identifiable.swift; sourceTree = "<group>"; };
		A3C496C624156AF40019E0E1 /* ProductsViewModel.swift */ = {isa = PBXFileReference; lastKnownFileType = sourcecode.swift; path = ProductsViewModel.swift; sourceTree = "<group>"; };
		A3C60E3D243693E900426F40 /* Account.swift */ = {isa = PBXFileReference; lastKnownFileType = sourcecode.swift; path = Account.swift; sourceTree = "<group>"; };
		A3C60E3F2436947200426F40 /* UserEndpoints.swift */ = {isa = PBXFileReference; lastKnownFileType = sourcecode.swift; path = UserEndpoints.swift; sourceTree = "<group>"; };
		A3C60E412436957F00426F40 /* UserRepository.swift */ = {isa = PBXFileReference; lastKnownFileType = sourcecode.swift; path = UserRepository.swift; sourceTree = "<group>"; };
		A3C60E43243697AF00426F40 /* UserInteractor.swift */ = {isa = PBXFileReference; lastKnownFileType = sourcecode.swift; path = UserInteractor.swift; sourceTree = "<group>"; };
		A3C60E45243698AC00426F40 /* KeychainRepository.swift */ = {isa = PBXFileReference; lastKnownFileType = sourcecode.swift; path = KeychainRepository.swift; sourceTree = "<group>"; };
		A3C60E472436A87E00426F40 /* KeychainRepositoryMock.swift */ = {isa = PBXFileReference; lastKnownFileType = sourcecode.swift; path = KeychainRepositoryMock.swift; sourceTree = "<group>"; };
		A3C60E492436A9A500426F40 /* UserInteractorTests.swift */ = {isa = PBXFileReference; lastKnownFileType = sourcecode.swift; path = UserInteractorTests.swift; sourceTree = "<group>"; };
		A3C60E4B2436AA6B00426F40 /* C2CUITests.swift */ = {isa = PBXFileReference; fileEncoding = 4; lastKnownFileType = sourcecode.swift; path = C2CUITests.swift; sourceTree = "<group>"; };
		A3C60E4D2436AAD500426F40 /* UserRepositoryMock.swift */ = {isa = PBXFileReference; lastKnownFileType = sourcecode.swift; path = UserRepositoryMock.swift; sourceTree = "<group>"; };
		A3C60E4F2436AB7E00426F40 /* AccessToken.json */ = {isa = PBXFileReference; lastKnownFileType = text.json; path = AccessToken.json; sourceTree = "<group>"; };
		A3DB829C2438DBDA0086FECF /* AccountCoordinator.swift */ = {isa = PBXFileReference; lastKnownFileType = sourcecode.swift; path = AccountCoordinator.swift; sourceTree = "<group>"; };
		A3DB829F2438DC0F0086FECF /* AccountDependencyInjector.swift */ = {isa = PBXFileReference; lastKnownFileType = sourcecode.swift; path = AccountDependencyInjector.swift; sourceTree = "<group>"; };
		A3DC204F24395F950074B87E /* CreateAccountViewModel.swift */ = {isa = PBXFileReference; lastKnownFileType = sourcecode.swift; path = CreateAccountViewModel.swift; sourceTree = "<group>"; };
		A3DC205124395FA20074B87E /* CreateAccountViewController.swift */ = {isa = PBXFileReference; lastKnownFileType = sourcecode.swift; path = CreateAccountViewController.swift; sourceTree = "<group>"; };
		A3DC205324395FAB0074B87E /* CreateAccount.storyboard */ = {isa = PBXFileReference; lastKnownFileType = file.storyboard; path = CreateAccount.storyboard; sourceTree = "<group>"; };
		A3E6B18C2436B5EC00B55441 /* ProductsViewModelTests.swift */ = {isa = PBXFileReference; lastKnownFileType = sourcecode.swift; path = ProductsViewModelTests.swift; sourceTree = "<group>"; };
		A3E6B18F2436BD4700B55441 /* ProductsDetailsViewModelTests.swift */ = {isa = PBXFileReference; lastKnownFileType = sourcecode.swift; path = ProductsDetailsViewModelTests.swift; sourceTree = "<group>"; };
		A3E6B1912436C1E000B55441 /* AuthenticationViewController.swift */ = {isa = PBXFileReference; lastKnownFileType = sourcecode.swift; path = AuthenticationViewController.swift; sourceTree = "<group>"; };
		A3E6B1952436C1F700B55441 /* Authentication.storyboard */ = {isa = PBXFileReference; lastKnownFileType = file.storyboard; path = Authentication.storyboard; sourceTree = "<group>"; };
		A3E6B1982436C21500B55441 /* AuthenticationViewModel.swift */ = {isa = PBXFileReference; lastKnownFileType = sourcecode.swift; path = AuthenticationViewModel.swift; sourceTree = "<group>"; };
		A3E6B19B2436C25800B55441 /* LoginViewModelTests.swift */ = {isa = PBXFileReference; lastKnownFileType = sourcecode.swift; path = LoginViewModelTests.swift; sourceTree = "<group>"; };
		B6A0E253E252EB3080FE7E90 /* Pods_C2CTests.framework */ = {isa = PBXFileReference; explicitFileType = wrapper.framework; includeInIndex = 0; path = Pods_C2CTests.framework; sourceTree = BUILT_PRODUCTS_DIR; };
		C1415EEC242032C500CAC689 /* ProductsCoordinator.swift */ = {isa = PBXFileReference; lastKnownFileType = sourcecode.swift; path = ProductsCoordinator.swift; sourceTree = "<group>"; };
		C1415EEF242033CC00CAC689 /* AppCoordinator+Presentable.swift */ = {isa = PBXFileReference; lastKnownFileType = sourcecode.swift; path = "AppCoordinator+Presentable.swift"; sourceTree = "<group>"; };
		C1415EF1242034C400CAC689 /* ProductsCoordinatorDependencyInjector.swift */ = {isa = PBXFileReference; lastKnownFileType = sourcecode.swift; path = ProductsCoordinatorDependencyInjector.swift; sourceTree = "<group>"; };
		C17D87F224202EE200E90BF4 /* ProductDetailViewController.swift */ = {isa = PBXFileReference; lastKnownFileType = sourcecode.swift; path = ProductDetailViewController.swift; sourceTree = "<group>"; };
		C17D87F424202F3C00E90BF4 /* ProductDetailViewController+Presentable.swift */ = {isa = PBXFileReference; lastKnownFileType = sourcecode.swift; path = "ProductDetailViewController+Presentable.swift"; sourceTree = "<group>"; };
		C17D87F724202F6700E90BF4 /* ProductDetailViewModel.swift */ = {isa = PBXFileReference; lastKnownFileType = sourcecode.swift; path = ProductDetailViewModel.swift; sourceTree = "<group>"; };
		EA7A6C101F41973FFAD19C49 /* Pods-C2C.debug.xcconfig */ = {isa = PBXFileReference; includeInIndex = 1; lastKnownFileType = text.xcconfig; name = "Pods-C2C.debug.xcconfig"; path = "Target Support Files/Pods-C2C/Pods-C2C.debug.xcconfig"; sourceTree = "<group>"; };
/* End PBXFileReference section */

/* Begin PBXFrameworksBuildPhase section */
		A33254DB24154EAC002CADF6 /* Frameworks */ = {
			isa = PBXFrameworksBuildPhase;
			buildActionMask = 2147483647;
			files = (
				E856353900C384AB1DE48465 /* Pods_C2C.framework in Frameworks */,
			);
			runOnlyForDeploymentPostprocessing = 0;
		};
		A33254F124154EAE002CADF6 /* Frameworks */ = {
			isa = PBXFrameworksBuildPhase;
			buildActionMask = 2147483647;
			files = (
				5628F4B4159B29BEC86F9AD8 /* Pods_C2CTests.framework in Frameworks */,
			);
			runOnlyForDeploymentPostprocessing = 0;
		};
		A33254FC24154EAE002CADF6 /* Frameworks */ = {
			isa = PBXFrameworksBuildPhase;
			buildActionMask = 2147483647;
			files = (
				FF9463C8FA338BFEC5AEA032 /* Pods_C2C_C2CUITests.framework in Frameworks */,
			);
			runOnlyForDeploymentPostprocessing = 0;
		};
/* End PBXFrameworksBuildPhase section */

/* Begin PBXGroup section */
		26ED3BCF696FB8754AA5FCC2 /* Frameworks */ = {
			isa = PBXGroup;
			children = (
				90372E075A9F1A23F6FE2000 /* Pods_C2C.framework */,
				68CC1AC99D941DA578684800 /* Pods_C2C_C2CUITests.framework */,
				B6A0E253E252EB3080FE7E90 /* Pods_C2CTests.framework */,
			);
			name = Frameworks;
			sourceTree = "<group>";
		};
		A313C2AF24156C0A002FC41B /* Coordinator */ = {
			isa = PBXGroup;
			children = (
				A313C2B224156CC5002FC41B /* App */,
				C1415EEE2420337E00CAC689 /* Products */,
				A3DB829E2438DBDE0086FECF /* AccountCoordinator */,
				A39AB18324395CE9001ED77C /* Authentication */,
			);
			path = Coordinator;
			sourceTree = "<group>";
		};
		A313C2B224156CC5002FC41B /* App */ = {
			isa = PBXGroup;
			children = (
				A313C2AD24156BEC002FC41B /* AppCoordinator.swift */,
				C1415EEF242033CC00CAC689 /* AppCoordinator+Presentable.swift */,
				A313C2B024156CC2002FC41B /* AppCoordinatorDependencyInjector.swift */,
			);
			path = App;
			sourceTree = "<group>";
		};
		A313C2B32416F5AB002FC41B /* Data */ = {
			isa = PBXGroup;
			children = (
				A313C2BC2416F668002FC41B /* Models */,
				A313C2B62416F5B9002FC41B /* Endpoint */,
				A313C2BB2416F659002FC41B /* Networking */,
				A313C2C42417019C002FC41B /* Repository */,
				A313C2C7241701B0002FC41B /* Interactor */,
			);
			path = Data;
			sourceTree = "<group>";
		};
		A313C2B62416F5B9002FC41B /* Endpoint */ = {
			isa = PBXGroup;
			children = (
				A313C2B42416F5B5002FC41B /* Endpoint.swift */,
				A313C2B72416F5F7002FC41B /* ProductsEndpoint.swift */,
				A3C60E3F2436947200426F40 /* UserEndpoints.swift */,
			);
			path = Endpoint;
			sourceTree = "<group>";
		};
		A313C2BB2416F659002FC41B /* Networking */ = {
			isa = PBXGroup;
			children = (
				A313C2B92416F652002FC41B /* APIClient.swift */,
			);
			path = Networking;
			sourceTree = "<group>";
		};
		A313C2BC2416F668002FC41B /* Models */ = {
			isa = PBXGroup;
			children = (
				A3C60E3D243693E900426F40 /* Account.swift */,
				A313C2BD2416F673002FC41B /* Products.swift */,
				A313C2C02416F685002FC41B /* APIResponseError.swift */,
			);
			path = Models;
			sourceTree = "<group>";
		};
		A313C2C42417019C002FC41B /* Repository */ = {
			isa = PBXGroup;
			children = (
				A313C2C224170149002FC41B /* ProductsRepository.swift */,
				A3C60E412436957F00426F40 /* UserRepository.swift */,
				A3C60E45243698AC00426F40 /* KeychainRepository.swift */,
			);
			path = Repository;
			sourceTree = "<group>";
		};
		A313C2C7241701B0002FC41B /* Interactor */ = {
			isa = PBXGroup;
			children = (
				A313C2C5241701AD002FC41B /* ProductsInteractor.swift */,
				A3C60E43243697AF00426F40 /* UserInteractor.swift */,
			);
			name = Interactor;
			sourceTree = "<group>";
		};
		A313C2CC241702E1002FC41B /* Cell */ = {
			isa = PBXGroup;
			children = (
				A332551724155F6A002CADF6 /* ProductCell.swift */,
			);
			path = Cell;
			sourceTree = "<group>";
		};
		A313C2CF24170447002FC41B /* Utils */ = {
			isa = PBXGroup;
			children = (
				A313C2CD24170445002FC41B /* PromiseKit+Utils.swift */,
				A3B47CD3243973640009A6AF /* AccountFields.swift */,
			);
			path = Utils;
			sourceTree = "<group>";
		};
		A33254D524154EAC002CADF6 = {
			isa = PBXGroup;
			children = (
				A33254E024154EAC002CADF6 /* C2C */,
				A33254F724154EAE002CADF6 /* C2CTests */,
				A332550224154EAE002CADF6 /* C2CUITests */,
				A33254DF24154EAC002CADF6 /* Products */,
				D0246173F8E90295867DEEC6 /* Pods */,
				26ED3BCF696FB8754AA5FCC2 /* Frameworks */,
			);
			sourceTree = "<group>";
		};
		A33254DF24154EAC002CADF6 /* Products */ = {
			isa = PBXGroup;
			children = (
				A33254DE24154EAC002CADF6 /* C2C.app */,
				A33254F424154EAE002CADF6 /* C2CTests.xctest */,
				A33254FF24154EAE002CADF6 /* C2CUITests.xctest */,
			);
			name = Products;
			sourceTree = "<group>";
		};
		A33254E024154EAC002CADF6 /* C2C */ = {
			isa = PBXGroup;
			children = (
				A313C2B32416F5AB002FC41B /* Data */,
				A313C2AF24156C0A002FC41B /* Coordinator */,
				A39C54B5241569F6009FCF8B /* Products */,
				A3E6B1942436C1EB00B55441 /* Authentication */,
				A3B47CCA243963170009A6AF /* Account */,
				A3E6B1932436C1E300B55441 /* CreateAccount */,
				A39C54B624156A06009FCF8B /* Resources */,
				A3C496C424156AD10019E0E1 /* Extensions */,
				A313C2CF24170447002FC41B /* Utils */,
			);
			path = C2C;
			sourceTree = "<group>";
		};
		A33254F724154EAE002CADF6 /* C2CTests */ = {
			isa = PBXGroup;
			children = (
				A3341A0D2427DF4C00C96A0C /* Data */,
				A39A65FF2436B2F500FBBDC2 /* Coordinator */,
				A3E6B18E2436B5EF00B55441 /* Products */,
				A3E6B19D2436C25F00B55441 /* CreateAccount */,
				A33254FA24154EAE002CADF6 /* Info.plist */,
			);
			path = C2CTests;
			sourceTree = "<group>";
		};
		A332550224154EAE002CADF6 /* C2CUITests */ = {
			isa = PBXGroup;
			children = (
				A3C60E4B2436AA6B00426F40 /* C2CUITests.swift */,
				A332550524154EAE002CADF6 /* Info.plist */,
			);
			path = C2CUITests;
			sourceTree = "<group>";
		};
		A3341A0D2427DF4C00C96A0C /* Data */ = {
			isa = PBXGroup;
			children = (
				A3341A122427F9E300C96A0C /* Mocks */,
				A3341A132427F9F400C96A0C /* ProductsInteractorTests.swift */,
				A3C60E492436A9A500426F40 /* UserInteractorTests.swift */,
			);
			path = Data;
			sourceTree = "<group>";
		};
		A3341A122427F9E300C96A0C /* Mocks */ = {
			isa = PBXGroup;
			children = (
				A3341A0B2427DF4700C96A0C /* MocksHelper.swift */,
				A3341A102427F5F900C96A0C /* ProductsRepositoryMock.swift */,
				A3C60E4D2436AAD500426F40 /* UserRepositoryMock.swift */,
				A3C60E472436A87E00426F40 /* KeychainRepositoryMock.swift */,
				A3341A172427FAF600C96A0C /* JSONMocks */,
			);
			path = Mocks;
			sourceTree = "<group>";
		};
		A3341A172427FAF600C96A0C /* JSONMocks */ = {
			isa = PBXGroup;
			children = (
				A3341A182427FB1100C96A0C /* Array<Product>.json */,
				A3341A1A2427FB3400C96A0C /* Product.json */,
				A3C60E4F2436AB7E00426F40 /* AccessToken.json */,
			);
			path = JSONMocks;
			sourceTree = "<group>";
		};
		A39A65FF2436B2F500FBBDC2 /* Coordinator */ = {
			isa = PBXGroup;
			children = (
				A39A66022436B35800FBBDC2 /* Mocks */,
				A39A65FD2436B2ED00FBBDC2 /* ProductCoordinatorTests.swift */,
			);
			path = Coordinator;
			sourceTree = "<group>";
		};
		A39A66022436B35800FBBDC2 /* Mocks */ = {
			isa = PBXGroup;
			children = (
				A39A66002436B30B00FBBDC2 /* CoordinationMocks.swift */,
				A39A66032436B36200FBBDC2 /* AppCoordinatorMock.swift */,
			);
			path = Mocks;
			sourceTree = "<group>";
		};
		A39AB18324395CE9001ED77C /* Authentication */ = {
			isa = PBXGroup;
			children = (
				A39AB18124395CE6001ED77C /* AuthenticationCoordinator.swift */,
				A39AB18424395D0E001ED77C /* AuthenticationDependencyInjector.swift */,
			);
			path = Authentication;
			sourceTree = "<group>";
		};
		A39C54B5241569F6009FCF8B /* Products */ = {
			isa = PBXGroup;
			children = (
				A3C0123E241E61AE00A50422 /* Detail */,
				A3C0123D241E61A400A50422 /* Collection */,
			);
			path = Products;
			sourceTree = "<group>";
		};
		A39C54B624156A06009FCF8B /* Resources */ = {
			isa = PBXGroup;
			children = (
				A3C496C024156A7B0019E0E1 /* Main.storyboard */,
				A33254E124154EAC002CADF6 /* AppDelegate.swift */,
				A33254E324154EAC002CADF6 /* SceneDelegate.swift */,
				A33254EA24154EAE002CADF6 /* Assets.xcassets */,
				A33254EC24154EAE002CADF6 /* LaunchScreen.storyboard */,
				A33254EF24154EAE002CADF6 /* Info.plist */,
			);
			path = Resources;
			sourceTree = "<group>";
		};
		A3B47CCA243963170009A6AF /* Account */ = {
			isa = PBXGroup;
			children = (
				A3B47CCB2439631C0009A6AF /* View */,
				A3B47CCE243963380009A6AF /* ViewModel */,
			);
			path = Account;
			sourceTree = "<group>";
		};
		A3B47CCB2439631C0009A6AF /* View */ = {
			isa = PBXGroup;
			children = (
				A3B47CC5243963130009A6AF /* Account.storyboard */,
				A3B47CC6243963130009A6AF /* AccountViewController.swift */,
				A3B47CC4243963130009A6AF /* AccountViewController+Presentable.swift */,
			);
			path = View;
			sourceTree = "<group>";
		};
		A3B47CCE243963380009A6AF /* ViewModel */ = {
			isa = PBXGroup;
			children = (
				A3B47CCC243963350009A6AF /* AccountViewModel.swift */,
			);
			path = ViewModel;
			sourceTree = "<group>";
		};
		A3C0123D241E61A400A50422 /* Collection */ = {
			isa = PBXGroup;
			children = (
				A3C496C524156AE20019E0E1 /* View */,
				A3C496C824156AF80019E0E1 /* ViewModel */,
			);
			path = Collection;
			sourceTree = "<group>";
		};
		A3C0123E241E61AE00A50422 /* Detail */ = {
			isa = PBXGroup;
			children = (
				C17D87F624202F5B00E90BF4 /* View */,
				C17D87F924202F6A00E90BF4 /* ViewModel */,
			);
			path = Detail;
			sourceTree = "<group>";
		};
		A3C496C424156AD10019E0E1 /* Extensions */ = {
			isa = PBXGroup;
			children = (
				A3C496C224156ABE0019E0E1 /* Identifiable.swift */,
				A3BCC10024257AC60047CF4B /* UIViewController+BlurView.swift */,
				A3B47CD124396D590009A6AF /* UIViewController+Backbutton.swift */,
			);
			path = Extensions;
			sourceTree = "<group>";
		};
		A3C496C524156AE20019E0E1 /* View */ = {
			isa = PBXGroup;
			children = (
				A33254E724154EAC002CADF6 /* Products.storyboard */,
				A332551124155927002CADF6 /* ProductsViewController.swift */,
				A313C2CA241702DB002FC41B /* ProductsViewController+TableView.swift */,
				A313C2C8241702AF002FC41B /* ProductsViewController+Presentable.swift */,
				A313C2CC241702E1002FC41B /* Cell */,
			);
			path = View;
			sourceTree = "<group>";
		};
		A3C496C824156AF80019E0E1 /* ViewModel */ = {
			isa = PBXGroup;
			children = (
				A3C496C624156AF40019E0E1 /* ProductsViewModel.swift */,
			);
			path = ViewModel;
			sourceTree = "<group>";
		};
		A3DB829E2438DBDE0086FECF /* AccountCoordinator */ = {
			isa = PBXGroup;
			children = (
				A3DB829C2438DBDA0086FECF /* AccountCoordinator.swift */,
				A3DB829F2438DC0F0086FECF /* AccountDependencyInjector.swift */,
			);
			path = AccountCoordinator;
			sourceTree = "<group>";
		};
		A3DC205524395FAF0074B87E /* View */ = {
			isa = PBXGroup;
			children = (
				A3DC205324395FAB0074B87E /* CreateAccount.storyboard */,
				A3DC205124395FA20074B87E /* CreateAccountViewController.swift */,
				A3B47CCF243964970009A6AF /* CreateAccountViewController+Presentable.swift */,
			);
			path = View;
			sourceTree = "<group>";
		};
		A3DC205624395FB50074B87E /* ViewModel */ = {
			isa = PBXGroup;
			children = (
				A3DC204F24395F950074B87E /* CreateAccountViewModel.swift */,
			);
			path = ViewModel;
			sourceTree = "<group>";
		};
		A3E6B18E2436B5EF00B55441 /* Products */ = {
			isa = PBXGroup;
			children = (
				A3E6B18C2436B5EC00B55441 /* ProductsViewModelTests.swift */,
				A3E6B18F2436BD4700B55441 /* ProductsDetailsViewModelTests.swift */,
			);
			path = Products;
			sourceTree = "<group>";
		};
		A3E6B1932436C1E300B55441 /* CreateAccount */ = {
			isa = PBXGroup;
			children = (
				A3DC205524395FAF0074B87E /* View */,
				A3DC205624395FB50074B87E /* ViewModel */,
			);
			path = CreateAccount;
			sourceTree = "<group>";
		};
		A3E6B1942436C1EB00B55441 /* Authentication */ = {
			isa = PBXGroup;
			children = (
				A3E6B1972436C20200B55441 /* View */,
				A3E6B19A2436C23300B55441 /* ViewModel */,
			);
			path = Authentication;
			sourceTree = "<group>";
		};
		A3E6B1972436C20200B55441 /* View */ = {
			isa = PBXGroup;
			children = (
				A3E6B1952436C1F700B55441 /* Authentication.storyboard */,
				A3E6B1912436C1E000B55441 /* AuthenticationViewController.swift */,
				A3A91F402438E0D300CE4353 /* AuthenticationViewController+Presentable.swift */,
			);
			path = View;
			sourceTree = "<group>";
		};
		A3E6B19A2436C23300B55441 /* ViewModel */ = {
			isa = PBXGroup;
			children = (
				A3E6B1982436C21500B55441 /* AuthenticationViewModel.swift */,
			);
			path = ViewModel;
			sourceTree = "<group>";
		};
		A3E6B19D2436C25F00B55441 /* CreateAccount */ = {
			isa = PBXGroup;
			children = (
				A3E6B19E2436C26800B55441 /* Login */,
			);
			path = CreateAccount;
			sourceTree = "<group>";
		};
		A3E6B19E2436C26800B55441 /* Login */ = {
			isa = PBXGroup;
			children = (
				A3E6B19B2436C25800B55441 /* LoginViewModelTests.swift */,
			);
			path = Login;
			sourceTree = "<group>";
		};
		C1415EEE2420337E00CAC689 /* Products */ = {
			isa = PBXGroup;
			children = (
				C1415EEC242032C500CAC689 /* ProductsCoordinator.swift */,
				C1415EF1242034C400CAC689 /* ProductsCoordinatorDependencyInjector.swift */,
			);
			path = Products;
			sourceTree = "<group>";
		};
		C17D87F624202F5B00E90BF4 /* View */ = {
			isa = PBXGroup;
			children = (
				A3C0123F241E61C600A50422 /* ProductDetail.storyboard */,
				C17D87F224202EE200E90BF4 /* ProductDetailViewController.swift */,
				C17D87F424202F3C00E90BF4 /* ProductDetailViewController+Presentable.swift */,
			);
			path = View;
			sourceTree = "<group>";
		};
		C17D87F924202F6A00E90BF4 /* ViewModel */ = {
			isa = PBXGroup;
			children = (
				C17D87F724202F6700E90BF4 /* ProductDetailViewModel.swift */,
			);
			path = ViewModel;
			sourceTree = "<group>";
		};
		D0246173F8E90295867DEEC6 /* Pods */ = {
			isa = PBXGroup;
			children = (
				EA7A6C101F41973FFAD19C49 /* Pods-C2C.debug.xcconfig */,
				1C0924057967FA0743A91CDB /* Pods-C2C.release.xcconfig */,
				987C27777FAC227337B309A0 /* Pods-C2C-C2CUITests.debug.xcconfig */,
				5AC9570BCF5B7EA05B0E5E93 /* Pods-C2C-C2CUITests.release.xcconfig */,
				542C4106CFC2A628C73324EE /* Pods-C2CTests.debug.xcconfig */,
				769D45A6245A268A6F13FE1F /* Pods-C2CTests.release.xcconfig */,
			);
			path = Pods;
			sourceTree = "<group>";
		};
/* End PBXGroup section */

/* Begin PBXNativeTarget section */
		A33254DD24154EAC002CADF6 /* C2C */ = {
			isa = PBXNativeTarget;
			buildConfigurationList = A332550824154EAE002CADF6 /* Build configuration list for PBXNativeTarget "C2C" */;
			buildPhases = (
				EE434C3C3DC22313799A12DD /* [CP] Check Pods Manifest.lock */,
				A33254DA24154EAC002CADF6 /* Sources */,
				A33254DB24154EAC002CADF6 /* Frameworks */,
				A33254DC24154EAC002CADF6 /* Resources */,
				D7B7367CEBF73035F30A11F0 /* [CP] Embed Pods Frameworks */,
			);
			buildRules = (
			);
			dependencies = (
			);
			name = C2C;
			productName = C2C;
			productReference = A33254DE24154EAC002CADF6 /* C2C.app */;
			productType = "com.apple.product-type.application";
		};
		A33254F324154EAE002CADF6 /* C2CTests */ = {
			isa = PBXNativeTarget;
			buildConfigurationList = A332550B24154EAE002CADF6 /* Build configuration list for PBXNativeTarget "C2CTests" */;
			buildPhases = (
				7F4882A6FC762D38D1EEED3D /* [CP] Check Pods Manifest.lock */,
				A33254F024154EAE002CADF6 /* Sources */,
				A33254F124154EAE002CADF6 /* Frameworks */,
				A33254F224154EAE002CADF6 /* Resources */,
				AA900CAB7A4C0B6C87C488FA /* [CP] Embed Pods Frameworks */,
			);
			buildRules = (
			);
			dependencies = (
				A33254F624154EAE002CADF6 /* PBXTargetDependency */,
			);
			name = C2CTests;
			productName = C2CTests;
			productReference = A33254F424154EAE002CADF6 /* C2CTests.xctest */;
			productType = "com.apple.product-type.bundle.unit-test";
		};
		A33254FE24154EAE002CADF6 /* C2CUITests */ = {
			isa = PBXNativeTarget;
			buildConfigurationList = A332550E24154EAE002CADF6 /* Build configuration list for PBXNativeTarget "C2CUITests" */;
			buildPhases = (
				BF748B6A9066B3FF042CE86C /* [CP] Check Pods Manifest.lock */,
				A33254FB24154EAE002CADF6 /* Sources */,
				A33254FC24154EAE002CADF6 /* Frameworks */,
				A33254FD24154EAE002CADF6 /* Resources */,
				17D4E67F1A6E1C49FBE2D626 /* [CP] Embed Pods Frameworks */,
			);
			buildRules = (
			);
			dependencies = (
				A332550124154EAE002CADF6 /* PBXTargetDependency */,
			);
			name = C2CUITests;
			productName = C2CUITests;
			productReference = A33254FF24154EAE002CADF6 /* C2CUITests.xctest */;
			productType = "com.apple.product-type.bundle.ui-testing";
		};
/* End PBXNativeTarget section */

/* Begin PBXProject section */
		A33254D624154EAC002CADF6 /* Project object */ = {
			isa = PBXProject;
			attributes = {
				LastSwiftUpdateCheck = 1110;
				LastUpgradeCheck = 1110;
				ORGANIZATIONNAME = "Guilherme Paciulli";
				TargetAttributes = {
					A33254DD24154EAC002CADF6 = {
						CreatedOnToolsVersion = 11.1;
					};
					A33254F324154EAE002CADF6 = {
						CreatedOnToolsVersion = 11.1;
						TestTargetID = A33254DD24154EAC002CADF6;
					};
					A33254FE24154EAE002CADF6 = {
						CreatedOnToolsVersion = 11.1;
						LastSwiftMigration = 1110;
						TestTargetID = A33254DD24154EAC002CADF6;
					};
				};
			};
			buildConfigurationList = A33254D924154EAC002CADF6 /* Build configuration list for PBXProject "C2C" */;
			compatibilityVersion = "Xcode 9.3";
			developmentRegion = en;
			hasScannedForEncodings = 0;
			knownRegions = (
				en,
				Base,
			);
			mainGroup = A33254D524154EAC002CADF6;
			productRefGroup = A33254DF24154EAC002CADF6 /* Products */;
			projectDirPath = "";
			projectRoot = "";
			targets = (
				A33254DD24154EAC002CADF6 /* C2C */,
				A33254F324154EAE002CADF6 /* C2CTests */,
				A33254FE24154EAE002CADF6 /* C2CUITests */,
			);
		};
/* End PBXProject section */

/* Begin PBXResourcesBuildPhase section */
		A33254DC24154EAC002CADF6 /* Resources */ = {
			isa = PBXResourcesBuildPhase;
			buildActionMask = 2147483647;
			files = (
				A3DC205424395FAB0074B87E /* CreateAccount.storyboard in Resources */,
				A33254EE24154EAE002CADF6 /* LaunchScreen.storyboard in Resources */,
				A33254EB24154EAE002CADF6 /* Assets.xcassets in Resources */,
				A3E6B1962436C1F700B55441 /* Authentication.storyboard in Resources */,
				A33254E924154EAC002CADF6 /* Products.storyboard in Resources */,
				A3C496C124156A7B0019E0E1 /* Main.storyboard in Resources */,
				A3B47CC8243963130009A6AF /* Account.storyboard in Resources */,
				A3C01240241E61C600A50422 /* ProductDetail.storyboard in Resources */,
			);
			runOnlyForDeploymentPostprocessing = 0;
		};
		A33254F224154EAE002CADF6 /* Resources */ = {
			isa = PBXResourcesBuildPhase;
			buildActionMask = 2147483647;
			files = (
				A3C60E502436AB7E00426F40 /* AccessToken.json in Resources */,
				A3341A192427FB1100C96A0C /* Array<Product>.json in Resources */,
				A3341A1B2427FB3400C96A0C /* Product.json in Resources */,
			);
			runOnlyForDeploymentPostprocessing = 0;
		};
		A33254FD24154EAE002CADF6 /* Resources */ = {
			isa = PBXResourcesBuildPhase;
			buildActionMask = 2147483647;
			files = (
			);
			runOnlyForDeploymentPostprocessing = 0;
		};
/* End PBXResourcesBuildPhase section */

/* Begin PBXShellScriptBuildPhase section */
		17D4E67F1A6E1C49FBE2D626 /* [CP] Embed Pods Frameworks */ = {
			isa = PBXShellScriptBuildPhase;
			buildActionMask = 2147483647;
			files = (
			);
			inputFileListPaths = (
				"${PODS_ROOT}/Target Support Files/Pods-C2C-C2CUITests/Pods-C2C-C2CUITests-frameworks-${CONFIGURATION}-input-files.xcfilelist",
			);
			name = "[CP] Embed Pods Frameworks";
			outputFileListPaths = (
				"${PODS_ROOT}/Target Support Files/Pods-C2C-C2CUITests/Pods-C2C-C2CUITests-frameworks-${CONFIGURATION}-output-files.xcfilelist",
			);
			runOnlyForDeploymentPostprocessing = 0;
			shellPath = /bin/sh;
			shellScript = "\"${PODS_ROOT}/Target Support Files/Pods-C2C-C2CUITests/Pods-C2C-C2CUITests-frameworks.sh\"\n";
			showEnvVarsInLog = 0;
		};
		7F4882A6FC762D38D1EEED3D /* [CP] Check Pods Manifest.lock */ = {
			isa = PBXShellScriptBuildPhase;
			buildActionMask = 2147483647;
			files = (
			);
			inputFileListPaths = (
			);
			inputPaths = (
				"${PODS_PODFILE_DIR_PATH}/Podfile.lock",
				"${PODS_ROOT}/Manifest.lock",
			);
			name = "[CP] Check Pods Manifest.lock";
			outputFileListPaths = (
			);
			outputPaths = (
				"$(DERIVED_FILE_DIR)/Pods-C2CTests-checkManifestLockResult.txt",
			);
			runOnlyForDeploymentPostprocessing = 0;
			shellPath = /bin/sh;
			shellScript = "diff \"${PODS_PODFILE_DIR_PATH}/Podfile.lock\" \"${PODS_ROOT}/Manifest.lock\" > /dev/null\nif [ $? != 0 ] ; then\n    # print error to STDERR\n    echo \"error: The sandbox is not in sync with the Podfile.lock. Run 'pod install' or update your CocoaPods installation.\" >&2\n    exit 1\nfi\n# This output is used by Xcode 'outputs' to avoid re-running this script phase.\necho \"SUCCESS\" > \"${SCRIPT_OUTPUT_FILE_0}\"\n";
			showEnvVarsInLog = 0;
		};
		AA900CAB7A4C0B6C87C488FA /* [CP] Embed Pods Frameworks */ = {
			isa = PBXShellScriptBuildPhase;
			buildActionMask = 2147483647;
			files = (
			);
			inputFileListPaths = (
				"${PODS_ROOT}/Target Support Files/Pods-C2CTests/Pods-C2CTests-frameworks-${CONFIGURATION}-input-files.xcfilelist",
			);
			name = "[CP] Embed Pods Frameworks";
			outputFileListPaths = (
				"${PODS_ROOT}/Target Support Files/Pods-C2CTests/Pods-C2CTests-frameworks-${CONFIGURATION}-output-files.xcfilelist",
			);
			runOnlyForDeploymentPostprocessing = 0;
			shellPath = /bin/sh;
			shellScript = "\"${PODS_ROOT}/Target Support Files/Pods-C2CTests/Pods-C2CTests-frameworks.sh\"\n";
			showEnvVarsInLog = 0;
		};
		BF748B6A9066B3FF042CE86C /* [CP] Check Pods Manifest.lock */ = {
			isa = PBXShellScriptBuildPhase;
			buildActionMask = 2147483647;
			files = (
			);
			inputFileListPaths = (
			);
			inputPaths = (
				"${PODS_PODFILE_DIR_PATH}/Podfile.lock",
				"${PODS_ROOT}/Manifest.lock",
			);
			name = "[CP] Check Pods Manifest.lock";
			outputFileListPaths = (
			);
			outputPaths = (
				"$(DERIVED_FILE_DIR)/Pods-C2C-C2CUITests-checkManifestLockResult.txt",
			);
			runOnlyForDeploymentPostprocessing = 0;
			shellPath = /bin/sh;
			shellScript = "diff \"${PODS_PODFILE_DIR_PATH}/Podfile.lock\" \"${PODS_ROOT}/Manifest.lock\" > /dev/null\nif [ $? != 0 ] ; then\n    # print error to STDERR\n    echo \"error: The sandbox is not in sync with the Podfile.lock. Run 'pod install' or update your CocoaPods installation.\" >&2\n    exit 1\nfi\n# This output is used by Xcode 'outputs' to avoid re-running this script phase.\necho \"SUCCESS\" > \"${SCRIPT_OUTPUT_FILE_0}\"\n";
			showEnvVarsInLog = 0;
		};
		D7B7367CEBF73035F30A11F0 /* [CP] Embed Pods Frameworks */ = {
			isa = PBXShellScriptBuildPhase;
			buildActionMask = 2147483647;
			files = (
			);
			inputFileListPaths = (
				"${PODS_ROOT}/Target Support Files/Pods-C2C/Pods-C2C-frameworks-${CONFIGURATION}-input-files.xcfilelist",
			);
			name = "[CP] Embed Pods Frameworks";
			outputFileListPaths = (
				"${PODS_ROOT}/Target Support Files/Pods-C2C/Pods-C2C-frameworks-${CONFIGURATION}-output-files.xcfilelist",
			);
			runOnlyForDeploymentPostprocessing = 0;
			shellPath = /bin/sh;
			shellScript = "\"${PODS_ROOT}/Target Support Files/Pods-C2C/Pods-C2C-frameworks.sh\"\n";
			showEnvVarsInLog = 0;
		};
		EE434C3C3DC22313799A12DD /* [CP] Check Pods Manifest.lock */ = {
			isa = PBXShellScriptBuildPhase;
			buildActionMask = 2147483647;
			files = (
			);
			inputFileListPaths = (
			);
			inputPaths = (
				"${PODS_PODFILE_DIR_PATH}/Podfile.lock",
				"${PODS_ROOT}/Manifest.lock",
			);
			name = "[CP] Check Pods Manifest.lock";
			outputFileListPaths = (
			);
			outputPaths = (
				"$(DERIVED_FILE_DIR)/Pods-C2C-checkManifestLockResult.txt",
			);
			runOnlyForDeploymentPostprocessing = 0;
			shellPath = /bin/sh;
			shellScript = "diff \"${PODS_PODFILE_DIR_PATH}/Podfile.lock\" \"${PODS_ROOT}/Manifest.lock\" > /dev/null\nif [ $? != 0 ] ; then\n    # print error to STDERR\n    echo \"error: The sandbox is not in sync with the Podfile.lock. Run 'pod install' or update your CocoaPods installation.\" >&2\n    exit 1\nfi\n# This output is used by Xcode 'outputs' to avoid re-running this script phase.\necho \"SUCCESS\" > \"${SCRIPT_OUTPUT_FILE_0}\"\n";
			showEnvVarsInLog = 0;
		};
/* End PBXShellScriptBuildPhase section */

/* Begin PBXSourcesBuildPhase section */
		A33254DA24154EAC002CADF6 /* Sources */ = {
			isa = PBXSourcesBuildPhase;
			buildActionMask = 2147483647;
			files = (
				A3DC205224395FA20074B87E /* CreateAccountViewController.swift in Sources */,
				A3C60E3E243693E900426F40 /* Account.swift in Sources */,
				A3BCC10124257AC60047CF4B /* UIViewController+BlurView.swift in Sources */,
				A3BCC0FF242579680047CF4B /* Products.swift in Sources */,
				A3C496C724156AF40019E0E1 /* ProductsViewModel.swift in Sources */,
				A313C2BA2416F652002FC41B /* APIClient.swift in Sources */,
				A3B47CD4243973640009A6AF /* AccountFields.swift in Sources */,
				C1415EED242032C500CAC689 /* ProductsCoordinator.swift in Sources */,
				A313C2C12416F685002FC41B /* APIResponseError.swift in Sources */,
				C17D87F524202F3C00E90BF4 /* ProductDetailViewController+Presentable.swift in Sources */,
				A313C2B52416F5B5002FC41B /* Endpoint.swift in Sources */,
				A313C2CE24170445002FC41B /* PromiseKit+Utils.swift in Sources */,
				A3C60E422436957F00426F40 /* UserRepository.swift in Sources */,
				A313C2B82416F5F7002FC41B /* ProductsEndpoint.swift in Sources */,
				A3C60E402436947200426F40 /* UserEndpoints.swift in Sources */,
				A3E6B1922436C1E000B55441 /* AuthenticationViewController.swift in Sources */,
				A3B47CD224396D590009A6AF /* UIViewController+Backbutton.swift in Sources */,
				A332551224155927002CADF6 /* ProductsViewController.swift in Sources */,
				A3C60E44243697AF00426F40 /* UserInteractor.swift in Sources */,
				A313C2C9241702AF002FC41B /* ProductsViewController+Presentable.swift in Sources */,
				A3DC205024395F950074B87E /* CreateAccountViewModel.swift in Sources */,
				A313C2C6241701AD002FC41B /* ProductsInteractor.swift in Sources */,
				A313C2AE24156BEC002FC41B /* AppCoordinator.swift in Sources */,
				C1415EF0242033CC00CAC689 /* AppCoordinator+Presentable.swift in Sources */,
				A3B47CCD243963350009A6AF /* AccountViewModel.swift in Sources */,
				A3E6B1992436C21500B55441 /* AuthenticationViewModel.swift in Sources */,
				A313C2B124156CC2002FC41B /* AppCoordinatorDependencyInjector.swift in Sources */,
				A313C2CB241702DB002FC41B /* ProductsViewController+TableView.swift in Sources */,
				A313C2C324170149002FC41B /* ProductsRepository.swift in Sources */,
				A332551824155F6A002CADF6 /* ProductCell.swift in Sources */,
				A33254E224154EAC002CADF6 /* AppDelegate.swift in Sources */,
				C1415EF2242034C400CAC689 /* ProductsCoordinatorDependencyInjector.swift in Sources */,
				A3DB82A02438DC0F0086FECF /* AccountDependencyInjector.swift in Sources */,
				A3C60E46243698AC00426F40 /* KeychainRepository.swift in Sources */,
				A3B47CD0243964970009A6AF /* CreateAccountViewController+Presentable.swift in Sources */,
				C17D87F824202F6700E90BF4 /* ProductDetailViewModel.swift in Sources */,
				A39AB18224395CE6001ED77C /* AuthenticationCoordinator.swift in Sources */,
				A3DB829D2438DBDA0086FECF /* AccountCoordinator.swift in Sources */,
				C17D87F324202EE200E90BF4 /* ProductDetailViewController.swift in Sources */,
				A3C496C324156ABE0019E0E1 /* Identifiable.swift in Sources */,
				A39AB18524395D0E001ED77C /* AuthenticationDependencyInjector.swift in Sources */,
				A3B47CC9243963130009A6AF /* AccountViewController.swift in Sources */,
				A3A91F412438E0D300CE4353 /* AuthenticationViewController+Presentable.swift in Sources */,
				A3B47CC7243963130009A6AF /* AccountViewController+Presentable.swift in Sources */,
				A33254E424154EAC002CADF6 /* SceneDelegate.swift in Sources */,
			);
			runOnlyForDeploymentPostprocessing = 0;
		};
		A33254F024154EAE002CADF6 /* Sources */ = {
			isa = PBXSourcesBuildPhase;
			buildActionMask = 2147483647;
			files = (
				A3E6B19C2436C25800B55441 /* LoginViewModelTests.swift in Sources */,
				A39A66012436B30B00FBBDC2 /* CoordinationMocks.swift in Sources */,
				A39A65FE2436B2ED00FBBDC2 /* ProductCoordinatorTests.swift in Sources */,
				A3341A142427F9F400C96A0C /* ProductsInteractorTests.swift in Sources */,
				A3C60E4A2436A9A500426F40 /* UserInteractorTests.swift in Sources */,
				A3C60E482436A87E00426F40 /* KeychainRepositoryMock.swift in Sources */,
				A3E6B1902436BD4700B55441 /* ProductsDetailsViewModelTests.swift in Sources */,
				A3341A112427F5F900C96A0C /* ProductsRepositoryMock.swift in Sources */,
				A39A66042436B36200FBBDC2 /* AppCoordinatorMock.swift in Sources */,
				A3C60E4E2436AAD500426F40 /* UserRepositoryMock.swift in Sources */,
				A3E6B18D2436B5EC00B55441 /* ProductsViewModelTests.swift in Sources */,
				A3341A0C2427DF4700C96A0C /* MocksHelper.swift in Sources */,
			);
			runOnlyForDeploymentPostprocessing = 0;
		};
		A33254FB24154EAE002CADF6 /* Sources */ = {
			isa = PBXSourcesBuildPhase;
			buildActionMask = 2147483647;
			files = (
				A3C60E4C2436AA6B00426F40 /* C2CUITests.swift in Sources */,
			);
			runOnlyForDeploymentPostprocessing = 0;
		};
/* End PBXSourcesBuildPhase section */

/* Begin PBXTargetDependency section */
		A33254F624154EAE002CADF6 /* PBXTargetDependency */ = {
			isa = PBXTargetDependency;
			target = A33254DD24154EAC002CADF6 /* C2C */;
			targetProxy = A33254F524154EAE002CADF6 /* PBXContainerItemProxy */;
		};
		A332550124154EAE002CADF6 /* PBXTargetDependency */ = {
			isa = PBXTargetDependency;
			target = A33254DD24154EAC002CADF6 /* C2C */;
			targetProxy = A332550024154EAE002CADF6 /* PBXContainerItemProxy */;
		};
/* End PBXTargetDependency section */

/* Begin PBXVariantGroup section */
		A33254E724154EAC002CADF6 /* Products.storyboard */ = {
			isa = PBXVariantGroup;
			children = (
				A33254E824154EAC002CADF6 /* Base */,
			);
			name = Products.storyboard;
			sourceTree = "<group>";
		};
		A33254EC24154EAE002CADF6 /* LaunchScreen.storyboard */ = {
			isa = PBXVariantGroup;
			children = (
				A33254ED24154EAE002CADF6 /* Base */,
			);
			name = LaunchScreen.storyboard;
			sourceTree = "<group>";
		};
/* End PBXVariantGroup section */

/* Begin XCBuildConfiguration section */
		A332550624154EAE002CADF6 /* Debug */ = {
			isa = XCBuildConfiguration;
			buildSettings = {
				ALWAYS_SEARCH_USER_PATHS = NO;
				CLANG_ANALYZER_NONNULL = YES;
				CLANG_ANALYZER_NUMBER_OBJECT_CONVERSION = YES_AGGRESSIVE;
				CLANG_CXX_LANGUAGE_STANDARD = "gnu++14";
				CLANG_CXX_LIBRARY = "libc++";
				CLANG_ENABLE_MODULES = YES;
				CLANG_ENABLE_OBJC_ARC = YES;
				CLANG_ENABLE_OBJC_WEAK = YES;
				CLANG_WARN_BLOCK_CAPTURE_AUTORELEASING = YES;
				CLANG_WARN_BOOL_CONVERSION = YES;
				CLANG_WARN_COMMA = YES;
				CLANG_WARN_CONSTANT_CONVERSION = YES;
				CLANG_WARN_DEPRECATED_OBJC_IMPLEMENTATIONS = YES;
				CLANG_WARN_DIRECT_OBJC_ISA_USAGE = YES_ERROR;
				CLANG_WARN_DOCUMENTATION_COMMENTS = YES;
				CLANG_WARN_EMPTY_BODY = YES;
				CLANG_WARN_ENUM_CONVERSION = YES;
				CLANG_WARN_INFINITE_RECURSION = YES;
				CLANG_WARN_INT_CONVERSION = YES;
				CLANG_WARN_NON_LITERAL_NULL_CONVERSION = YES;
				CLANG_WARN_OBJC_IMPLICIT_RETAIN_SELF = YES;
				CLANG_WARN_OBJC_LITERAL_CONVERSION = YES;
				CLANG_WARN_OBJC_ROOT_CLASS = YES_ERROR;
				CLANG_WARN_RANGE_LOOP_ANALYSIS = YES;
				CLANG_WARN_STRICT_PROTOTYPES = YES;
				CLANG_WARN_SUSPICIOUS_MOVE = YES;
				CLANG_WARN_UNGUARDED_AVAILABILITY = YES_AGGRESSIVE;
				CLANG_WARN_UNREACHABLE_CODE = YES;
				CLANG_WARN__DUPLICATE_METHOD_MATCH = YES;
				COPY_PHASE_STRIP = NO;
				DEBUG_INFORMATION_FORMAT = dwarf;
				ENABLE_STRICT_OBJC_MSGSEND = YES;
				ENABLE_TESTABILITY = YES;
				GCC_C_LANGUAGE_STANDARD = gnu11;
				GCC_DYNAMIC_NO_PIC = NO;
				GCC_NO_COMMON_BLOCKS = YES;
				GCC_OPTIMIZATION_LEVEL = 0;
				GCC_PREPROCESSOR_DEFINITIONS = (
					"DEBUG=1",
					"$(inherited)",
				);
				GCC_WARN_64_TO_32_BIT_CONVERSION = YES;
				GCC_WARN_ABOUT_RETURN_TYPE = YES_ERROR;
				GCC_WARN_UNDECLARED_SELECTOR = YES;
				GCC_WARN_UNINITIALIZED_AUTOS = YES_AGGRESSIVE;
				GCC_WARN_UNUSED_FUNCTION = YES;
				GCC_WARN_UNUSED_VARIABLE = YES;
				IPHONEOS_DEPLOYMENT_TARGET = 13.0;
				MTL_ENABLE_DEBUG_INFO = INCLUDE_SOURCE;
				MTL_FAST_MATH = YES;
				ONLY_ACTIVE_ARCH = YES;
				SDKROOT = iphoneos;
				SWIFT_ACTIVE_COMPILATION_CONDITIONS = DEBUG;
				SWIFT_OPTIMIZATION_LEVEL = "-Onone";
			};
			name = Debug;
		};
		A332550724154EAE002CADF6 /* Release */ = {
			isa = XCBuildConfiguration;
			buildSettings = {
				ALWAYS_SEARCH_USER_PATHS = NO;
				CLANG_ANALYZER_NONNULL = YES;
				CLANG_ANALYZER_NUMBER_OBJECT_CONVERSION = YES_AGGRESSIVE;
				CLANG_CXX_LANGUAGE_STANDARD = "gnu++14";
				CLANG_CXX_LIBRARY = "libc++";
				CLANG_ENABLE_MODULES = YES;
				CLANG_ENABLE_OBJC_ARC = YES;
				CLANG_ENABLE_OBJC_WEAK = YES;
				CLANG_WARN_BLOCK_CAPTURE_AUTORELEASING = YES;
				CLANG_WARN_BOOL_CONVERSION = YES;
				CLANG_WARN_COMMA = YES;
				CLANG_WARN_CONSTANT_CONVERSION = YES;
				CLANG_WARN_DEPRECATED_OBJC_IMPLEMENTATIONS = YES;
				CLANG_WARN_DIRECT_OBJC_ISA_USAGE = YES_ERROR;
				CLANG_WARN_DOCUMENTATION_COMMENTS = YES;
				CLANG_WARN_EMPTY_BODY = YES;
				CLANG_WARN_ENUM_CONVERSION = YES;
				CLANG_WARN_INFINITE_RECURSION = YES;
				CLANG_WARN_INT_CONVERSION = YES;
				CLANG_WARN_NON_LITERAL_NULL_CONVERSION = YES;
				CLANG_WARN_OBJC_IMPLICIT_RETAIN_SELF = YES;
				CLANG_WARN_OBJC_LITERAL_CONVERSION = YES;
				CLANG_WARN_OBJC_ROOT_CLASS = YES_ERROR;
				CLANG_WARN_RANGE_LOOP_ANALYSIS = YES;
				CLANG_WARN_STRICT_PROTOTYPES = YES;
				CLANG_WARN_SUSPICIOUS_MOVE = YES;
				CLANG_WARN_UNGUARDED_AVAILABILITY = YES_AGGRESSIVE;
				CLANG_WARN_UNREACHABLE_CODE = YES;
				CLANG_WARN__DUPLICATE_METHOD_MATCH = YES;
				COPY_PHASE_STRIP = NO;
				DEBUG_INFORMATION_FORMAT = "dwarf-with-dsym";
				ENABLE_NS_ASSERTIONS = NO;
				ENABLE_STRICT_OBJC_MSGSEND = YES;
				GCC_C_LANGUAGE_STANDARD = gnu11;
				GCC_NO_COMMON_BLOCKS = YES;
				GCC_WARN_64_TO_32_BIT_CONVERSION = YES;
				GCC_WARN_ABOUT_RETURN_TYPE = YES_ERROR;
				GCC_WARN_UNDECLARED_SELECTOR = YES;
				GCC_WARN_UNINITIALIZED_AUTOS = YES_AGGRESSIVE;
				GCC_WARN_UNUSED_FUNCTION = YES;
				GCC_WARN_UNUSED_VARIABLE = YES;
				IPHONEOS_DEPLOYMENT_TARGET = 13.0;
				MTL_ENABLE_DEBUG_INFO = NO;
				MTL_FAST_MATH = YES;
				SDKROOT = iphoneos;
				SWIFT_COMPILATION_MODE = wholemodule;
				SWIFT_OPTIMIZATION_LEVEL = "-O";
				VALIDATE_PRODUCT = YES;
			};
			name = Release;
		};
		A332550924154EAE002CADF6 /* Debug */ = {
			isa = XCBuildConfiguration;
			baseConfigurationReference = EA7A6C101F41973FFAD19C49 /* Pods-C2C.debug.xcconfig */;
			buildSettings = {
				ASSETCATALOG_COMPILER_APPICON_NAME = AppIcon;
				CODE_SIGN_STYLE = Automatic;
				DEVELOPMENT_TEAM = VLLH384AC4;
				INFOPLIST_FILE = "$(SRCROOT)/C2C/Resources/Info.plist";
				IPHONEOS_DEPLOYMENT_TARGET = 13.0;
				LD_RUNPATH_SEARCH_PATHS = (
					"$(inherited)",
					"@executable_path/Frameworks",
				);
				PRODUCT_BUNDLE_IDENTIFIER = guilherme.Paciulli.C2C;
				PRODUCT_NAME = "$(TARGET_NAME)";
				SWIFT_VERSION = 5.0;
				TARGETED_DEVICE_FAMILY = "1,2";
			};
			name = Debug;
		};
		A332550A24154EAE002CADF6 /* Release */ = {
			isa = XCBuildConfiguration;
			baseConfigurationReference = 1C0924057967FA0743A91CDB /* Pods-C2C.release.xcconfig */;
			buildSettings = {
				ASSETCATALOG_COMPILER_APPICON_NAME = AppIcon;
				CODE_SIGN_STYLE = Automatic;
				DEVELOPMENT_TEAM = VLLH384AC4;
				INFOPLIST_FILE = "$(SRCROOT)/C2C/Resources/Info.plist";
				IPHONEOS_DEPLOYMENT_TARGET = 13.0;
				LD_RUNPATH_SEARCH_PATHS = (
					"$(inherited)",
					"@executable_path/Frameworks",
				);
				PRODUCT_BUNDLE_IDENTIFIER = guilherme.Paciulli.C2C;
				PRODUCT_NAME = "$(TARGET_NAME)";
				SWIFT_VERSION = 5.0;
				TARGETED_DEVICE_FAMILY = "1,2";
			};
			name = Release;
		};
		A332550C24154EAE002CADF6 /* Debug */ = {
			isa = XCBuildConfiguration;
			baseConfigurationReference = 542C4106CFC2A628C73324EE /* Pods-C2CTests.debug.xcconfig */;
			buildSettings = {
				ALWAYS_EMBED_SWIFT_STANDARD_LIBRARIES = YES;
				BUNDLE_LOADER = "$(TEST_HOST)";
				CODE_SIGN_STYLE = Automatic;
				DEVELOPMENT_TEAM = VLLH384AC4;
				INFOPLIST_FILE = C2CTests/Info.plist;
				IPHONEOS_DEPLOYMENT_TARGET = "$(inherited)";
				LD_RUNPATH_SEARCH_PATHS = (
					"$(inherited)",
					"@executable_path/Frameworks",
					"@loader_path/Frameworks",
				);
				PRODUCT_BUNDLE_IDENTIFIER = guilherme.Paciulli.C2CTests;
				PRODUCT_NAME = "$(TARGET_NAME)";
				SWIFT_VERSION = 5.0;
				TARGETED_DEVICE_FAMILY = "1,2";
				TEST_HOST = "$(BUILT_PRODUCTS_DIR)/C2C.app/C2C";
			};
			name = Debug;
		};
		A332550D24154EAE002CADF6 /* Release */ = {
			isa = XCBuildConfiguration;
			baseConfigurationReference = 769D45A6245A268A6F13FE1F /* Pods-C2CTests.release.xcconfig */;
			buildSettings = {
				ALWAYS_EMBED_SWIFT_STANDARD_LIBRARIES = YES;
				BUNDLE_LOADER = "$(TEST_HOST)";
				CODE_SIGN_STYLE = Automatic;
				DEVELOPMENT_TEAM = VLLH384AC4;
				INFOPLIST_FILE = C2CTests/Info.plist;
				IPHONEOS_DEPLOYMENT_TARGET = "$(inherited)";
				LD_RUNPATH_SEARCH_PATHS = (
					"$(inherited)",
					"@executable_path/Frameworks",
					"@loader_path/Frameworks",
				);
				PRODUCT_BUNDLE_IDENTIFIER = guilherme.Paciulli.C2CTests;
				PRODUCT_NAME = "$(TARGET_NAME)";
				SWIFT_VERSION = 5.0;
				TARGETED_DEVICE_FAMILY = "1,2";
				TEST_HOST = "$(BUILT_PRODUCTS_DIR)/C2C.app/C2C";
			};
			name = Release;
		};
		A332550F24154EAE002CADF6 /* Debug */ = {
			isa = XCBuildConfiguration;
			baseConfigurationReference = 987C27777FAC227337B309A0 /* Pods-C2C-C2CUITests.debug.xcconfig */;
			buildSettings = {
				ALWAYS_EMBED_SWIFT_STANDARD_LIBRARIES = YES;
				CLANG_ENABLE_MODULES = YES;
				CODE_SIGN_STYLE = Automatic;
				DEVELOPMENT_TEAM = VLLH384AC4;
				INFOPLIST_FILE = C2CUITests/Info.plist;
				LD_RUNPATH_SEARCH_PATHS = (
					"$(inherited)",
					"@executable_path/Frameworks",
					"@loader_path/Frameworks",
				);
				PRODUCT_BUNDLE_IDENTIFIER = guilherme.Paciulli.C2CUITests;
				PRODUCT_NAME = "$(TARGET_NAME)";
				SWIFT_OPTIMIZATION_LEVEL = "-Onone";
				SWIFT_VERSION = 5.0;
				TARGETED_DEVICE_FAMILY = "1,2";
				TEST_TARGET_NAME = C2C;
			};
			name = Debug;
		};
		A332551024154EAE002CADF6 /* Release */ = {
			isa = XCBuildConfiguration;
			baseConfigurationReference = 5AC9570BCF5B7EA05B0E5E93 /* Pods-C2C-C2CUITests.release.xcconfig */;
			buildSettings = {
				ALWAYS_EMBED_SWIFT_STANDARD_LIBRARIES = YES;
				CLANG_ENABLE_MODULES = YES;
				CODE_SIGN_STYLE = Automatic;
				DEVELOPMENT_TEAM = VLLH384AC4;
				INFOPLIST_FILE = C2CUITests/Info.plist;
				LD_RUNPATH_SEARCH_PATHS = (
					"$(inherited)",
					"@executable_path/Frameworks",
					"@loader_path/Frameworks",
				);
				PRODUCT_BUNDLE_IDENTIFIER = guilherme.Paciulli.C2CUITests;
				PRODUCT_NAME = "$(TARGET_NAME)";
				SWIFT_VERSION = 5.0;
				TARGETED_DEVICE_FAMILY = "1,2";
				TEST_TARGET_NAME = C2C;
			};
			name = Release;
		};
/* End XCBuildConfiguration section */

/* Begin XCConfigurationList section */
		A33254D924154EAC002CADF6 /* Build configuration list for PBXProject "C2C" */ = {
			isa = XCConfigurationList;
			buildConfigurations = (
				A332550624154EAE002CADF6 /* Debug */,
				A332550724154EAE002CADF6 /* Release */,
			);
			defaultConfigurationIsVisible = 0;
			defaultConfigurationName = Release;
		};
		A332550824154EAE002CADF6 /* Build configuration list for PBXNativeTarget "C2C" */ = {
			isa = XCConfigurationList;
			buildConfigurations = (
				A332550924154EAE002CADF6 /* Debug */,
				A332550A24154EAE002CADF6 /* Release */,
			);
			defaultConfigurationIsVisible = 0;
			defaultConfigurationName = Release;
		};
		A332550B24154EAE002CADF6 /* Build configuration list for PBXNativeTarget "C2CTests" */ = {
			isa = XCConfigurationList;
			buildConfigurations = (
				A332550C24154EAE002CADF6 /* Debug */,
				A332550D24154EAE002CADF6 /* Release */,
			);
			defaultConfigurationIsVisible = 0;
			defaultConfigurationName = Release;
		};
		A332550E24154EAE002CADF6 /* Build configuration list for PBXNativeTarget "C2CUITests" */ = {
			isa = XCConfigurationList;
			buildConfigurations = (
				A332550F24154EAE002CADF6 /* Debug */,
				A332551024154EAE002CADF6 /* Release */,
			);
			defaultConfigurationIsVisible = 0;
			defaultConfigurationName = Release;
		};
/* End XCConfigurationList section */
	};
	rootObject = A33254D624154EAC002CADF6 /* Project object */;
}
