PODS:
  - Kingfisher (5.13.0):
    - Kingfisher/Core (= 5.13.0)
  - Kingfisher/Core (5.13.0)

DEPENDENCIES:
  - Kingfisher

SPEC REPOS:
  trunk:
    - Kingfisher

SPEC CHECKSUMS:
  Kingfisher: 0d334cada987fcddbe9b5cec516406e1ee9d4748

PODFILE CHECKSUM: 7dca3d1a6cf966f50a60d5c08a7499b5f492c549

COCOAPODS: 1.8.4
