PODS:
  - Kingfisher (5.13.0):
    - Kingfisher/Core (= 5.13.0)
  - Kingfisher/Core (5.13.0)
  - Nimble (8.0.4)
  - PromiseKit (6.12.0):
    - PromiseKit/CorePromise (= 6.12.0)
    - PromiseKit/Foundation (= 6.12.0)
    - PromiseKit/UIKit (= 6.12.0)
  - PromiseKit/CorePromise (6.12.0)
  - PromiseKit/Foundation (6.12.0):
    - PromiseKit/CorePromise
  - PromiseKit/UIKit (6.12.0):
    - PromiseKit/CorePromise
  - Quick (2.1.0)

DEPENDENCIES:
  - Kingfisher
  - Nimble (~> 8.0.1)
  - PromiseKit
  - Quick (~> 2.1.0)

SPEC REPOS:
  trunk:
    - Kingfisher
    - Nimble
    - PromiseKit
    - Quick

SPEC CHECKSUMS:
  Kingfisher: 0d334cada987fcddbe9b5cec516406e1ee9d4748
  Nimble: 18d5360282923225d62b09d781f63abc1a0111fc
  PromiseKit: c06835ba442ce5454ce3cdde470232804a6e4ff8
  Quick: 4be43f6634acfa727dd106bdf3929ce125ffa79d

PODFILE CHECKSUM: ed639f935a9e63c6895cc6401aa5d90909e57b5a

COCOAPODS: 1.8.4
