PODS:
  - Kingfisher (5.13.0):
    - Kingfisher/Core (= 5.13.0)
  - Kingfisher/Core (5.13.0)
  - Nimble (8.0.4)
  - PromiseKit (6.12.0):
    - PromiseKit/CorePromise (= 6.12.0)
    - PromiseKit/Foundation (= 6.12.0)
    - PromiseKit/UIKit (= 6.12.0)
  - PromiseKit/CorePromise (6.12.0)
  - PromiseKit/Foundation (6.12.0):
    - PromiseKit/CorePromise
  - PromiseKit/UIKit (6.12.0):
    - PromiseKit/CorePromise
  - Quick (2.1.0)
  - SwiftLint (0.39.1)

DEPENDENCIES:
  - Kingfisher
  - Nimble (~> 8.0.1)
  - PromiseKit
  - Quick (~> 2.1.0)
  - SwiftLint

SPEC REPOS:
  trunk:
    - Kingfisher
    - Nimble
    - PromiseKit
    - Quick
    - SwiftLint

SPEC CHECKSUMS:
  Kingfisher: 0d334cada987fcddbe9b5cec516406e1ee9d4748
  Nimble: 18d5360282923225d62b09d781f63abc1a0111fc
  PromiseKit: c06835ba442ce5454ce3cdde470232804a6e4ff8
  Quick: 4be43f6634acfa727dd106bdf3929ce125ffa79d
  SwiftLint: 55e96a4a4d537d4a3156859fc1c54bd24851a046

PODFILE CHECKSUM: db85e6e5cb0168358192959867a6198f6a7be2e0

COCOAPODS: 1.9.1
